
Microsoft Visual Studio Solution File, Format Version 12.00
# Visual Studio Version 16
VisualStudioVersion = 16.0.29411.108
MinimumVisualStudioVersion = 10.0.40219.1
Project("{8BC9CEB8-8B4A-11D0-8D11-00A0C91BC942}") = "Find-CloneORHide-Account", "Find-CloneORHide-Account.vcxproj", "{6142C9D1-EC73-417A-A4AD-551DA309AF91}"
EndProject
Global
	GlobalSection(SolutionConfigurationPlatforms) = preSolution
		Debug|x64 = Debug|x64
		Debug|x86 = Debug|x86
		Release|x64 = Release|x64
		Release|x86 = Release|x86
	EndGlobalSection
	GlobalSection(ProjectConfigurationPlatforms) = postSolution
		{6142C9D1-EC73-417A-A4AD-551DA309AF91}.Debug|x64.ActiveCfg = Debug|x64
		{6142C9D1-EC73-417A-A4AD-551DA309AF91}.Debug|x64.Build.0 = Debug|x64
		{6142C9D1-EC73-417A-A4AD-551DA309AF91}.Debug|x86.ActiveCfg = Debug|Win32
		{6142C9D1-EC73-417A-A4AD-551DA309AF91}.Debug|x86.Build.0 = Debug|Win32
		{6142C9D1-EC73-417A-A4AD-551DA309AF91}.Release|x64.ActiveCfg = Release|x64
		{6142C9D1-EC73-417A-A4AD-551DA309AF91}.Release|x64.Build.0 = Release|x64
		{6142C9D1-EC73-417A-A4AD-551DA309AF91}.Release|x86.ActiveCfg = Release|Win32
		{6142C9D1-EC73-417A-A4AD-551DA309AF91}.Release|x86.Build.0 = Release|Win32
	EndGlobalSection
	GlobalSection(SolutionProperties) = preSolution
		HideSolutionNode = FALSE
	EndGlobalSection
	GlobalSection(ExtensibilityGlobals) = postSolution
		SolutionGuid = {1DFF884C-EAC5-433C-8341-91C8E76AAFC3}
	EndGlobalSection
EndGlobal
